{
  "version": 3,
  "mopsTomlDepsHash": "5e99933f447a3b0d78782ef38e9e0ea9319554a68b159ca0b91fe4ae885fbd21",
  "deps": {
    "base": "0.16.0"
  },
  "hashes": {
    "base@0.16.0": {
      "base@0.16.0/src/Blob.mo": "61a48166c8bdc4cf1220fd11f645566699fa064a2b2aa8174388aae4eef6a532",
      "base@0.16.0/README.md": "f861762bc648759297be91a82981acfb2a160f9e1cfee063526b640b05a9c435",
      "base@0.16.0/src/Array.mo": "dbf9ed7bfccb959356ee5250da58b43c2ddb1ee68173be04b365c5317564e134",
      "base@0.16.0/mops.toml": "49dc97853e23e5463322b656ccc29b2c090dafac91136d3bea282810e63f357d",
      "base@0.16.0/NOTICE": "3960a8d25fa5fc909325817b08b36c1146970930ca15b6352f8ea6db803cab47",
      "base@0.16.0/src/AssocList.mo": "e2e123d96d907ada614435ecef9a223678db79f3b0a411d85e59d5c0a6566438",
      "base@0.16.0/LICENSE": "166bd8e8cf7790087d1fd18a9fa4d060cc0d0b3e5ab30689aa5f3a59a93386bf",
      "base@0.16.0/src/Buffer.mo": "fdb20bbec95107f48974c706ed3420be8507e3654fd9371036b7416b45821388",
      "base@0.16.0/src/Bool.mo": "65faf01dc6e3609ed2f729b813811506951adcce71c081fc6edcdbae4c8b1169",
      "base@0.16.0/src/CertifiedData.mo": "e2911a6cb533ba85ff345987d91ba92730a80ca9b6729c0b0ae1dd4631765e12",
      "base@0.16.0/src/ExperimentalCycles.mo": "2e905451f9e3bfb6982de5a49a2dfa3859c2bb7e0739557f93480debcab8ffef",
      "base@0.16.0/src/Deque.mo": "47cac83b96adaf0d49a93f9766ed0844769b899a9b7982d46b4998157889abba",
      "base@0.16.0/src/Debug.mo": "ccccd690e0f61caac42cb75d9eb23fdbdae67053fbd8b33d47fa101dfc9af3e5",
      "base@0.16.0/src/Char.mo": "93d9e300a2a9ed72c8a1e50288b3af4cb2c6cdd31988f200dc167e3bbfe5824a",
      "base@0.16.0/src/Error.mo": "b64274e5a5dcfbf74a55ef8c2b969ff4cdd856656849ec2eb5b964c3d1ad1bf5",
      "base@0.16.0/src/ExperimentalInternetComputer.mo": "9a665385f030b54c2086cebd42ae29262c00989059586242a84a4a4f6a06f1f4",
      "base@0.16.0/src/Float.mo": "86d527bcc778e4520f14d47677fd24633b6a44125ec715a0368d718a1ee3d405",
      "base@0.16.0/src/Func.mo": "a1a6cfb5b1910916b610d00c05d2cc9b56a2b55ad55533583aa9e705cb82a4ed",
      "base@0.16.0/src/ExperimentalStableMemory.mo": "d28fb9f603fd9ebb406bc848590564b471c19cc082bbbc76c8487f0e7b211257",
      "base@0.16.0/src/Hash.mo": "7546b8e08c410e705c9fb0329b3f893ca24dda72cc4ed8f2013d7c546e8beb5c",
      "base@0.16.0/src/HashMap.mo": "0de8c3ddafe0f73d62cbe2bec33d78b78e975cfc5df385d763e73d86cfe3a899",
      "base@0.16.0/src/Heap.mo": "e5c90141bda1375535f00c16b448a2328856f9673a1dc9688a2b11e3dfc8bed6",
      "base@0.16.0/src/Int.mo": "c04aeea43aeda1fde3007978589967429acc152cab3132af8ef0ca288416d97d",
      "base@0.16.0/src/Int32.mo": "b50026ebc57842f95a1455c865ca736eab14db54856b8810f3e8ae9227688d7f",
      "base@0.16.0/src/Int16.mo": "51772524e6277db86d27a6b4bb2789145bd5ef72097fd7540a51eacb71fcba16",
      "base@0.16.0/src/Int64.mo": "55558f9ffa00dd336a7658c3a34800dcea9730232ff3132ddf2b2ce507ec648f",
      "base@0.16.0/src/IterType.mo": "53c840d79e7aa6eefd00552ad9ecca820f8f3be14e070c905df472893f7b4fbd",
      "base@0.16.0/src/Int8.mo": "44e98af88ecef25ff557b130118277ac9f9bfa151699b0b42e61e7b155f2b243",
      "base@0.16.0/src/Iter.mo": "24e490f94569d708e1c979fb798feb200665bb973a29bb2cb9210148a77d2cb4",
      "base@0.16.0/src/List.mo": "961bed7fa13d0f3aa88189ceb51e5a7aeaa9b475d0857c941b2c4fec19a70656",
      "base@0.16.0/src/Nat.mo": "4180a4f92deafd7674a68427f0e250a1022c42942b435405e6f2459bce0b5536",
      "base@0.16.0/src/Nat32.mo": "53b5530b7becc07bb4c0398cd805076d10a70cbb306a0b4ce628b9a755d068fd",
      "base@0.16.0/src/Nat16.mo": "787af029de5f2a5446b3c5b58ed5c07baaef2febf98d6e74c5422cac753d5d60",
      "base@0.16.0/src/Nat64.mo": "1f5f430978ff0c27c2608e0d976573ad0864ddc8816714ddc9691141b4bed4bd",
      "base@0.16.0/src/Option.mo": "8135b09bab4bd3a9536692cb09fbf170f3c4cbce01eea645ecbcd0368cdf834a",
      "base@0.16.0/src/None.mo": "6072c7d392b6e43c245912ed6a30f3f46f9268de5aa146848f1bf0fd5218af3e",
      "base@0.16.0/src/Order.mo": "2d7c2f21b967e26cfb26441138779c44652476eb717fdb5ed8fb5397c54528f8",
      "base@0.16.0/src/Nat8.mo": "08db31b1cb511656df9fa50ad1ec0d42f256a6e14344896ad11b7ea1bc577b80",
      "base@0.16.0/src/OrderedMap.mo": "0a48d759795ee87f23df1f9d7280f9fc8c126852eacc82daf4e58e4c047b767d",
      "base@0.16.0/src/Principal.mo": "d82643351555e44690dfc10c16011b14010000431e63c30a1ec37265f5fc46d2",
      "base@0.16.0/src/Prelude.mo": "5a4636d33c6937279462c460e3bc1ececd14a80569a2a51fa55d3968f7bda553",
      "base@0.16.0/src/OrderedSet.mo": "cc9fb6ffad0d95b123c55c5f6b3493245852f031081901c13caf52df04411e6c",
      "base@0.16.0/src/Random.mo": "4fffac74e85d64b2579647144ff2b40e358610ddeda23ebf9354eb1d98917803",
      "base@0.16.0/src/Region.mo": "8579f4296e26f29b565830301097d650699535131da663e1a8bca89432295754",
      "base@0.16.0/src/Stack.mo": "992f6bd77d5ac3e4281a85a2ac96cfb04abb5b794bf8e9e08c3b558f516233f5",
      "base@0.16.0/src/RBTree.mo": "f9ad44d8bb82f55691eeef5f50b2e976d3c18e4399e950cbdcb59e91582622d7",
      "base@0.16.0/src/Result.mo": "9909afee7a1f066b25105469808c06c154611428a9a909bcf3089a501181fa5a",
      "base@0.16.0/src/Timer.mo": "ec1e126f05dc94a2e229dd3572b04e92e9265762d52d2c99ca8df8656e4f7788",
      "base@0.16.0/src/Time.mo": "4336ac0d6d9d8f516a1ba6794eb5e3577ecd3aa2aedabd09892dc7b8554b73f8",
      "base@0.16.0/src/Text.mo": "0abd4063229262cb2e3d658937ad000155a9eff1656412ddd9502a4d606c8cfa",
      "base@0.16.0/src/TrieMap.mo": "f09aab78476ffd158f8ab789e0692ad61aa9b1f4ac6ff3af30cdac5f5c30a7e4",
      "base@0.16.0/src/Trie.mo": "3ca67f2527afaf5e663bd7b227384d0b20d0ea0cfc7c532e5d95a625c0d0d6bb",
      "base@0.16.0/src/TrieSet.mo": "9c8c1821582b344de6f3910f417527ec0b565876eb2d9da09455af05117ed45a"
    }
  }
}