{
  "version": 3,
  "mopsTomlDepsHash": "5b4f37114fcfff40e2c5afdaac75b2ad87d9a309c03d06331dd14dc72282cadd",
  "deps": {
    "base": "0.16.0",
    "llm": "3.1.0",
    "test": "2.1.2",
    "core": "2.0.0"
  },
  "hashes": {
    "base@0.16.0": {
      "base@0.16.0/src/Blob.mo": "61a48166c8bdc4cf1220fd11f645566699fa064a2b2aa8174388aae4eef6a532",
      "base@0.16.0/README.md": "f861762bc648759297be91a82981acfb2a160f9e1cfee063526b640b05a9c435",
      "base@0.16.0/src/Array.mo": "dbf9ed7bfccb959356ee5250da58b43c2ddb1ee68173be04b365c5317564e134",
      "base@0.16.0/mops.toml": "49dc97853e23e5463322b656ccc29b2c090dafac91136d3bea282810e63f357d",
      "base@0.16.0/NOTICE": "3960a8d25fa5fc909325817b08b36c1146970930ca15b6352f8ea6db803cab47",
      "base@0.16.0/src/AssocList.mo": "e2e123d96d907ada614435ecef9a223678db79f3b0a411d85e59d5c0a6566438",
      "base@0.16.0/LICENSE": "166bd8e8cf7790087d1fd18a9fa4d060cc0d0b3e5ab30689aa5f3a59a93386bf",
      "base@0.16.0/src/Buffer.mo": "fdb20bbec95107f48974c706ed3420be8507e3654fd9371036b7416b45821388",
      "base@0.16.0/src/Bool.mo": "65faf01dc6e3609ed2f729b813811506951adcce71c081fc6edcdbae4c8b1169",
      "base@0.16.0/src/CertifiedData.mo": "e2911a6cb533ba85ff345987d91ba92730a80ca9b6729c0b0ae1dd4631765e12",
      "base@0.16.0/src/ExperimentalCycles.mo": "2e905451f9e3bfb6982de5a49a2dfa3859c2bb7e0739557f93480debcab8ffef",
      "base@0.16.0/src/Deque.mo": "47cac83b96adaf0d49a93f9766ed0844769b899a9b7982d46b4998157889abba",
      "base@0.16.0/src/Debug.mo": "ccccd690e0f61caac42cb75d9eb23fdbdae67053fbd8b33d47fa101dfc9af3e5",
      "base@0.16.0/src/Char.mo": "93d9e300a2a9ed72c8a1e50288b3af4cb2c6cdd31988f200dc167e3bbfe5824a",
      "base@0.16.0/src/Error.mo": "b64274e5a5dcfbf74a55ef8c2b969ff4cdd856656849ec2eb5b964c3d1ad1bf5",
      "base@0.16.0/src/ExperimentalInternetComputer.mo": "9a665385f030b54c2086cebd42ae29262c00989059586242a84a4a4f6a06f1f4",
      "base@0.16.0/src/Float.mo": "86d527bcc778e4520f14d47677fd24633b6a44125ec715a0368d718a1ee3d405",
      "base@0.16.0/src/Func.mo": "a1a6cfb5b1910916b610d00c05d2cc9b56a2b55ad55533583aa9e705cb82a4ed",
      "base@0.16.0/src/ExperimentalStableMemory.mo": "d28fb9f603fd9ebb406bc848590564b471c19cc082bbbc76c8487f0e7b211257",
      "base@0.16.0/src/Hash.mo": "7546b8e08c410e705c9fb0329b3f893ca24dda72cc4ed8f2013d7c546e8beb5c",
      "base@0.16.0/src/HashMap.mo": "0de8c3ddafe0f73d62cbe2bec33d78b78e975cfc5df385d763e73d86cfe3a899",
      "base@0.16.0/src/Heap.mo": "e5c90141bda1375535f00c16b448a2328856f9673a1dc9688a2b11e3dfc8bed6",
      "base@0.16.0/src/Int.mo": "c04aeea43aeda1fde3007978589967429acc152cab3132af8ef0ca288416d97d",
      "base@0.16.0/src/Int32.mo": "b50026ebc57842f95a1455c865ca736eab14db54856b8810f3e8ae9227688d7f",
      "base@0.16.0/src/Int16.mo": "51772524e6277db86d27a6b4bb2789145bd5ef72097fd7540a51eacb71fcba16",
      "base@0.16.0/src/Int64.mo": "55558f9ffa00dd336a7658c3a34800dcea9730232ff3132ddf2b2ce507ec648f",
      "base@0.16.0/src/IterType.mo": "53c840d79e7aa6eefd00552ad9ecca820f8f3be14e070c905df472893f7b4fbd",
      "base@0.16.0/src/Int8.mo": "44e98af88ecef25ff557b130118277ac9f9bfa151699b0b42e61e7b155f2b243",
      "base@0.16.0/src/Iter.mo": "24e490f94569d708e1c979fb798feb200665bb973a29bb2cb9210148a77d2cb4",
      "base@0.16.0/src/List.mo": "961bed7fa13d0f3aa88189ceb51e5a7aeaa9b475d0857c941b2c4fec19a70656",
      "base@0.16.0/src/Nat.mo": "4180a4f92deafd7674a68427f0e250a1022c42942b435405e6f2459bce0b5536",
      "base@0.16.0/src/Nat32.mo": "53b5530b7becc07bb4c0398cd805076d10a70cbb306a0b4ce628b9a755d068fd",
      "base@0.16.0/src/Nat16.mo": "787af029de5f2a5446b3c5b58ed5c07baaef2febf98d6e74c5422cac753d5d60",
      "base@0.16.0/src/Nat64.mo": "1f5f430978ff0c27c2608e0d976573ad0864ddc8816714ddc9691141b4bed4bd",
      "base@0.16.0/src/Option.mo": "8135b09bab4bd3a9536692cb09fbf170f3c4cbce01eea645ecbcd0368cdf834a",
      "base@0.16.0/src/None.mo": "6072c7d392b6e43c245912ed6a30f3f46f9268de5aa146848f1bf0fd5218af3e",
      "base@0.16.0/src/Order.mo": "2d7c2f21b967e26cfb26441138779c44652476eb717fdb5ed8fb5397c54528f8",
      "base@0.16.0/src/Nat8.mo": "08db31b1cb511656df9fa50ad1ec0d42f256a6e14344896ad11b7ea1bc577b80",
      "base@0.16.0/src/OrderedMap.mo": "0a48d759795ee87f23df1f9d7280f9fc8c126852eacc82daf4e58e4c047b767d",
      "base@0.16.0/src/Principal.mo": "d82643351555e44690dfc10c16011b14010000431e63c30a1ec37265f5fc46d2",
      "base@0.16.0/src/Prelude.mo": "5a4636d33c6937279462c460e3bc1ececd14a80569a2a51fa55d3968f7bda553",
      "base@0.16.0/src/OrderedSet.mo": "cc9fb6ffad0d95b123c55c5f6b3493245852f031081901c13caf52df04411e6c",
      "base@0.16.0/src/Random.mo": "4fffac74e85d64b2579647144ff2b40e358610ddeda23ebf9354eb1d98917803",
      "base@0.16.0/src/Region.mo": "8579f4296e26f29b565830301097d650699535131da663e1a8bca89432295754",
      "base@0.16.0/src/Stack.mo": "992f6bd77d5ac3e4281a85a2ac96cfb04abb5b794bf8e9e08c3b558f516233f5",
      "base@0.16.0/src/RBTree.mo": "f9ad44d8bb82f55691eeef5f50b2e976d3c18e4399e950cbdcb59e91582622d7",
      "base@0.16.0/src/Result.mo": "9909afee7a1f066b25105469808c06c154611428a9a909bcf3089a501181fa5a",
      "base@0.16.0/src/Timer.mo": "ec1e126f05dc94a2e229dd3572b04e92e9265762d52d2c99ca8df8656e4f7788",
      "base@0.16.0/src/Time.mo": "4336ac0d6d9d8f516a1ba6794eb5e3577ecd3aa2aedabd09892dc7b8554b73f8",
      "base@0.16.0/src/Text.mo": "0abd4063229262cb2e3d658937ad000155a9eff1656412ddd9502a4d606c8cfa",
      "base@0.16.0/src/TrieMap.mo": "f09aab78476ffd158f8ab789e0692ad61aa9b1f4ac6ff3af30cdac5f5c30a7e4",
      "base@0.16.0/src/Trie.mo": "3ca67f2527afaf5e663bd7b227384d0b20d0ea0cfc7c532e5d95a625c0d0d6bb",
      "base@0.16.0/src/TrieSet.mo": "9c8c1821582b344de6f3910f417527ec0b565876eb2d9da09455af05117ed45a"
    },
    "llm@3.1.0": {
      "llm@3.1.0/mops.toml": "8cb225bc78d4f3d064779f7aff6e4994494e7809f20753dcac15fc0f37e4d91f",
      "llm@3.1.0/README.md": "1ea866f6559ce5b5a77e0c0b737a93911d6de9211b1aa631e5ed1e29f90f22f2",
      "llm@3.1.0/src/chat.mo": "6ddcfbbfb1cba92659cd3ef4f661db68456722e3ebb738f44cbfdc3ca2e7ea2b",
      "llm@3.1.0/src/lib.mo": "56040e14c609106c5d4ba8e51a9cdfbc615bdb9ea37217966fdfdbfbcf1436d1",
      "llm@3.1.0/src/tool.mo": "66b985041ed4da3465afbd46f61c7bd33688b5ea6c2fea9f1680a4b0a3151308",
      "llm@3.1.0/LICENSE": "ec415b57f8143746b567c94bfad243f5342f3edf110c94641a1a60e02722db55"
    },
    "test@2.1.2": {
      "test@2.1.2/LICENSE": "ec415b57f8143746b567c94bfad243f5342f3edf110c94641a1a60e02722db55",
      "test@2.1.2/src/utils.mo": "6b81172d908c2fb759597373b811e22a987d4cd69f1aa69615da252bed6e7466",
      "test@2.1.2/src/lib.mo": "e4559fbc3bcd229fb99de7dcdd68d56319ae8bc27509d6f3ad6d13c514915a39",
      "test@2.1.2/src/async.mo": "79b433a5d32184d0cad289f0b7ee6cd2256534689a015430efc43e3510c2217a",
      "test@2.1.2/README.md": "991a9ea896698d7ef1e7e55d038c7580d68182b3d30f78886304e374c64fbc01",
      "test@2.1.2/src/expect/async.mo": "c1518bd82ef8c2def86bc6b5fc1df1691eab9935adacc413cab4fe9f1eda6f4a",
      "test@2.1.2/mops.toml": "83e5024af6a5558f18a41b3ab8b60291f65e8470c0375c7e880896ccb02edf14",
      "test@2.1.2/src/expect/expect-array.mo": "f5e6808b28c5948a40e11def8f5534bcacef1211a0b6f02e63e8653e5ee5e6aa",
      "test@2.1.2/src/expect/expect-char.mo": "7464e454a815e76e9d56989d59b8eda8781dd7dd28019ada3c513b764a5ff863",
      "test@2.1.2/src/expect/expect-int16.mo": "15dfb2b13e74819d9f02927708c8f7cbbb8e0b13c0a9b249d843b16c3bcf4659",
      "test@2.1.2/src/expect/expect-blob.mo": "944d92855573f5056d10cab2ee67f5ca153a792de9aa5074ccb0da7417a77ceb",
      "test@2.1.2/src/expect/expect-int.mo": "67837bcbd681bc180a8c528defab5153d9f8aaf4998b91ca3f787e714011cdf6",
      "test@2.1.2/src/expect/expect-call.mo": "9aeeb5d56f753586e685fd3a7544b4a895e9e2a1f01f2c3423c66f87059512eb",
      "test@2.1.2/src/expect/expect-bool.mo": "dd663249dd67d5ff5241a8ecb9b16e016abe24f0570e5aac8b912fc312e4a5d4",
      "test@2.1.2/src/expect/expect-int32.mo": "577cc992737c99f07df7eb71462bb99f0b9b34727a4edf31dea88a7aff2bd48a",
      "test@2.1.2/src/expect/expect-int64.mo": "c3d0025bca7dcda18872b5ea59baad9f485b33647a7118af45a12700793f3c19",
      "test@2.1.2/src/expect/expect-int8.mo": "a88f864f471413fd4fe8300b828805a9e95c42278d55aa4351526d3c4f3c1e2c",
      "test@2.1.2/src/expect/expect-nat8.mo": "2b5145da40599eb01ef5fe6807162cc9b2a5fbe5044fd4003ebdf6bf26cbf4b6",
      "test@2.1.2/src/expect/expect-nat16.mo": "eff67a91dc8eed0478d3558c1900257802c5c6c527d13f4ef6726ebd53492d6a",
      "test@2.1.2/src/expect/expect-nat32.mo": "3ea76a0c53c806fad57d768ca79702c65faaf85b69ad61e49688b90d9a32094b",
      "test@2.1.2/src/expect/expect-nat.mo": "0f9cefc54f429a48a5ec1eb2f26bb73f771b6ca165fac300bf7228633429b049",
      "test@2.1.2/src/expect/expect-nat64.mo": "13536637dbb595bceec51db56c7cfc39221a9d5b5ea23baee66d19d6103f600f",
      "test@2.1.2/src/expect/expect-option.mo": "d5f2bce86a6f5c8e0bdbe1a72f1cbb80b01d3822b73da90239b84d91cb0af5d6",
      "test@2.1.2/src/expect/expect-principal.mo": "93842843aa02bde6cdb94ee4daa35ed95d4b2da87bc228689b9cc8c5d9bdc178",
      "test@2.1.2/src/expect/expect-text.mo": "ffb21d802a48411ed45555e82edd5b5a82c91eb37b88c5d8d061880bab897735",
      "test@2.1.2/src/expect/lib.mo": "b74da3928ed8c23c31b5979059f0ac549cd7f09e7a29af9b105d8f9e32e192ed",
      "test@2.1.2/src/expect/utils.mo": "22e364d2ec8285c09ace83cb99b3257ba66a87cfe0312f6623ab0ab35ce47009",
      "test@2.1.2/src/expect/expect-result.mo": "3c03969dc0f08c80fa003ab23760a933f47ac928834734faca0f62fe940d3ab9"
    },
    "core@2.0.0": {
      "core@2.0.0/README.md": "d99a4e5563682e4ad38ad06d09c1395f9b6bbd1ce789660586a2e95c0347831c",
      "core@2.0.0/LICENSE": "840e3d57a38a8061f55d04470fbd58b9345326fa04ea10ee42add5c6e3b2aa08",
      "core@2.0.0/src/Blob.mo": "3f8846e1f7ad960ceb9c2473aec74ce3a20cc5731fcd197d95a2713afbec6ff9",
      "core@2.0.0/mops.toml": "5ddc95fe515376948efe1be5b926784191c6c0e47427267c77cb425b4a5d3c29",
      "core@2.0.0/NOTICE": "d62ca4ef9e2c9df064115c339013593cf0769e2b9dc78fa4b3211222541c7f83",
      "core@2.0.0/src/Bool.mo": "3b606a6631f28c774e3055bc860201e56260fd32fdc5e8dc00d901506be95db5",
      "core@2.0.0/src/Array.mo": "39fd012385c99f2a8a571da48c66daee3b4b83fcfbe8aeb4e23d98d65817e5ff",
      "core@2.0.0/src/Cycles.mo": "9f5c1fceea47f05c43f22a1c25e8753fb7e552e36106d27bceef24b1310f4cbc",
      "core@2.0.0/src/Float.mo": "d03ee038bd8b4b61f45ae27664ffe42287b7278b7f1ccc91d3774daa5d656933",
      "core@2.0.0/src/CertifiedData.mo": "5af3182d77ab7aab2384d1f663a8cd992bbd6652aacff29c443314cf2186328f",
      "core@2.0.0/src/Error.mo": "cf17271aa066577a4621ee2c207923f10947f5e2fdb99fcfe779a84979a8feaf",
      "core@2.0.0/src/Char.mo": "a8d00178eb4b776fb6857f2521799f1103f43b8b201f4e94d540c6c47e1e716c",
      "core@2.0.0/src/Debug.mo": "428a4e0af02fe57cad6834e952f036ef825cb76892c3ddd6ad808c048b1b3357",
      "core@2.0.0/src/Int.mo": "e07ffc73de0accc26c356be4a208769c74b36e7e394a900dc47128ba894ed988",
      "core@2.0.0/src/Func.mo": "535991ccca8d551d48129a0b7df03ea7bd6ebf3d74b1b572259d10ce709d7d46",
      "core@2.0.0/src/Int16.mo": "f6d2721e3af1e70dfd196784a4af27dbf0c543f68569d04631c466e07a728ab1",
      "core@2.0.0/src/Int32.mo": "eea42ea954fa1b7c7d8e86d4841c373c66e2a61fcc9fde7a87be0de33bb75d7f",
      "core@2.0.0/src/Int64.mo": "9754e7ce183006903a0114bf31400c97bc271a217301864da121eca24fe425b4",
      "core@2.0.0/src/List.mo": "263c61ad591bc94f5adfc27517122ce060b9f50425b52e4e01c2d0ed1ced029d",
      "core@2.0.0/src/Iter.mo": "7d49f85312f607f1fc6b99c89e51a72ae4605a6638ea8252532210cfabeb2ecf",
      "core@2.0.0/src/Int8.mo": "f4c3cc0d72d99d563e1c7ff0f6cdaf65aa5ad8d2ef2f5058d8285ca234deea72",
      "core@2.0.0/src/InternetComputer.mo": "20383755c98801e560c17f9aefd9b4eb00463ee598125de1b39f6ae6fc8c60c9",
      "core@2.0.0/src/Nat32.mo": "aceb48ea93a7dcd270e8555aa8177e9b9772d045c55716f109ce02d70c439683",
      "core@2.0.0/src/Nat8.mo": "f40b216516ac4e1bf877f78bfc38928cf252622df8d6ecfef5700493018ea624",
      "core@2.0.0/src/Option.mo": "aeec94cd6954e7b8b5463a5b15abddfb56c5322cb9b9e7ac782092d5c33a8b38",
      "core@2.0.0/src/Nat64.mo": "c5ce5d691c2c04c1d920f567084a5465284adc5fb4961d400fb7f4c569b1b1af",
      "core@2.0.0/src/Order.mo": "6c21e905e1e8c2b40cd50438218230c207d0bbec0d2514779edd76f9f84a812c",
      "core@2.0.0/src/Map.mo": "71c1dd738868479cc9770470706f6f222ac9d7b4a2743f59b33b16b31fd98ac7",
      "core@2.0.0/src/Nat.mo": "a1382b7b1b9baf7e7dd88767e50d19debcaa4235e753db7892c30b6f933585a7",
      "core@2.0.0/src/Nat16.mo": "15f78bbecb38eb562c8b55d2a8568ffa28c498ff066988fc55107fc2b0e7953c",
      "core@2.0.0/src/Runtime.mo": "5ac1290bec77ab04ae51df5fdc56ab4c6850823ffcd18e4140dfcc1b5a66cce3",
      "core@2.0.0/src/Random.mo": "f5d48c30297b579a068af8cd8c6f4f986605e492b1b65424329a5171d1480e97",
      "core@2.0.0/src/Queue.mo": "807ae8b4bdcaef6e37c57b65a93a04c0c5ed72f77e315e9916f5a25f62ce424f",
      "core@2.0.0/src/Region.mo": "ef1726393401a7cafaebabde303debc31c1ef2f3b12bbfeca3850d1852148a95",
      "core@2.0.0/src/PriorityQueue.mo": "a0ac43f32856c2902608062faefb35024879df5d87ecbe2b499195978f1fd00e",
      "core@2.0.0/src/Set.mo": "d64fed0989da152d0a4baa81719bef548ad3f461367d5d434d14e98cb18281f0",
      "core@2.0.0/src/Principal.mo": "f974da926ed30bdd69ef0505036e9fa183846b933be83f2135b81bcc2af08891",
      "core@2.0.0/src/Result.mo": "0932722ab0187524c3c11539ccf2a1b9453438a9f3a042dde94e45d9c56a32c5",
      "core@2.0.0/src/Time.mo": "e08d502d5eb3ca0ab7b4cce7322404faf1c72bc2bed7d2ded5a46d6afd80fd39",
      "core@2.0.0/src/Stack.mo": "f70b2b978f37ebba351a5a5eb1b163a7ee9c2e579861ea1a14072b0bb57f1869",
      "core@2.0.0/src/Timer.mo": "dee7c31d1d4fd29794da552a133bcb90fbd29e3ec004407d1d6a16f430ac8151",
      "core@2.0.0/src/Text.mo": "d25b81756249cf768725b544da9ea3efe8262a3851fe8fa9ef0ccb97f699694c",
      "core@2.0.0/src/VarArray.mo": "e91eb94403b89f5830afa9a8147e2a68eee8c5f672a8c4cdfd177aace8b3e02f",
      "core@2.0.0/src/Types.mo": "00dc0132996b3bb3eaf5cc4413be78ca860137ef26f5b472b0e7b3ef68f6652f",
      "core@2.0.0/src/WeakReference.mo": "06e58a6d67bf67c4b31ff871416d0cf6d6e34bfb409ce73d83372ef6b74de3cf",
      "core@2.0.0/src/Tuples.mo": "2151dffc272c7d9ad6ff927432528d3893f220d414fbad237b9c6827006e5490",
      "core@2.0.0/src/pure/List.mo": "b4fb45cf75410461fb1501a316d2384d1be63fee1fccf11ed1d29677e5e2393c",
      "core@2.0.0/src/pure/Map.mo": "e9868fc4dd5e8e6272382e33241c59f8664e3de2e618cbf62fa8b20beabecfab",
      "core@2.0.0/src/internal/BTreeHelper.mo": "20a475baf18f924ee0297fc234469fa0985cdaa31c85ce002b5a921383b0534d",
      "core@2.0.0/src/internal/PRNG.mo": "8a93e87baa2b12f613c82394a4a05b425e44a695bbace4ca36f9a1f78be26442",
      "core@2.0.0/src/pure/RealTimeQueue.mo": "ad0866b7bad9da97875e5e8d2f37e44909ac05899b244f844ffece6135559648",
      "core@2.0.0/src/pure/Queue.mo": "21cfed3bb4aa4bf8265adcaaea4e0f4b7f34c3ee81abbb9e6b889efd4626a8b8",
      "core@2.0.0/src/pure/Set.mo": "f0155b1d548cbc8889fcff75ef52f0cab7998b034621e4faac8d3b79d7bbac07"
    }
  }
}